
Microsoft Visual Studio Solution File, Format Version 12.00
# Visual Studio Version 16
VisualStudioVersion = 16.0.31410.357
MinimumVisualStudioVersion = 10.0.40219.1
Project("{9A19103F-16F7-4668-BE54-9A1E7A4F7556}") = "SDL2Sharp", "sources\SDL2Sharp\SDL2Sharp.csproj", "{648556E3-AFD4-4432-8424-89EED2126F82}"
EndProject
Project("{9A19103F-16F7-4668-BE54-9A1E7A4F7556}") = "SDL2Sharp.UnitTests", "tests\SDL2Sharp.UnitTests\SDL2Sharp.UnitTests.csproj", "{0EA1CB52-0E1E-4EEC-80B5-5EA37F436EAF}"
EndProject
Project("{2150E333-8FDC-42A3-9474-1A3956D46DE8}") = "sources", "sources", "{1CCF39F1-02DD-4E9C-B1C2-614715E9EDB0}"
	ProjectSection(SolutionItems) = preProject
		sources\Directory.Build.props = sources\Directory.Build.props
		sources\Directory.Build.targets = sources\Directory.Build.targets
	EndProjectSection
EndProject
Project("{2150E333-8FDC-42A3-9474-1A3956D46DE8}") = "tests", "tests", "{79105D14-18FF-4FAD-BD24-52C477EDA1B2}"
	ProjectSection(SolutionItems) = preProject
		tests\Directory.Build.props = tests\Directory.Build.props
		tests\Directory.Build.targets = tests\Directory.Build.targets
	EndProjectSection
EndProject
Project("{9A19103F-16F7-4668-BE54-9A1E7A4F7556}") = "SDL2Sharp.Samples", "samples\SDL2Sharp.Samples\SDL2Sharp.Samples.csproj", "{04352BAF-739B-4A63-A29A-036402C85925}"
EndProject
Project("{2150E333-8FDC-42A3-9474-1A3956D46DE8}") = "samples", "samples", "{3B3053A4-91F3-4C66-A6A9-773B6CEEE34C}"
	ProjectSection(SolutionItems) = preProject
		samples\Directory.Build.props = samples\Directory.Build.props
		samples\Directory.Build.targets = samples\Directory.Build.targets
	EndProjectSection
EndProject
Project("{9A19103F-16F7-4668-BE54-9A1E7A4F7556}") = "SDL2Sharp.Interop", "sources\SDL2Sharp.Interop\SDL2Sharp.Interop.csproj", "{A03FB552-F079-4852-8E1A-6ADD6C1BD3A8}"
EndProject
Project("{9A19103F-16F7-4668-BE54-9A1E7A4F7556}") = "SDL2Sharp.Interop.UnitTests", "tests\SDL2Sharp.Interop.UnitTests\SDL2Sharp.Interop.UnitTests.csproj", "{C4E13408-B833-4B51-BC7B-BABBC759FB1B}"
EndProject
Project("{9A19103F-16F7-4668-BE54-9A1E7A4F7556}") = "SDL2Sharp.Interop.Samples", "samples\SDL2Sharp.Interop.Samples\SDL2Sharp.Interop.Samples.csproj", "{DC48E764-6243-4067-B070-D73600FD6734}"
EndProject
Project("{2150E333-8FDC-42A3-9474-1A3956D46DE8}") = "generation", "generation", "{7399E6FE-0F79-41FA-BFFC-5BBC133B7BEA}"
	ProjectSection(SolutionItems) = preProject
		generation\HeaderFile.txt = generation\HeaderFile.txt
		generation\settings.rsp = generation\settings.rsp
	EndProjectSection
EndProject
Project("{2150E333-8FDC-42A3-9474-1A3956D46DE8}") = "scripts", "scripts", "{89BABC58-A31C-4658-BB81-FB21DD86F87B}"
	ProjectSection(SolutionItems) = preProject
		scripts\build.ps1 = scripts\build.ps1
		scripts\build.sh = scripts\build.sh
		scripts\cibuild.cmd = scripts\cibuild.cmd
		scripts\cibuild.sh = scripts\cibuild.sh
	EndProjectSection
EndProject
Project("{2150E333-8FDC-42A3-9474-1A3956D46DE8}") = ".root", ".root", "{5E4EF724-335F-42C6-A2ED-4DFECD530B7F}"
	ProjectSection(SolutionItems) = preProject
		.gitattributes = .gitattributes
		.gitignore = .gitignore
		.gitmodules = .gitmodules
		azure-pipelines.yml = azure-pipelines.yml
		build.cmd = build.cmd
		build.sh = build.sh
		CODE_OF_CONDUCT.md = CODE_OF_CONDUCT.md
		Directory.Build.props = Directory.Build.props
		Directory.Build.targets = Directory.Build.targets
		LICENSE = LICENSE
		pack.cmd = pack.cmd
		pack.sh = pack.sh
		README.md = README.md
		restore.cmd = restore.cmd
		restore.sh = restore.sh
		test.cmd = test.cmd
		test.sh = test.sh
	EndProjectSection
EndProject
Project("{2150E333-8FDC-42A3-9474-1A3956D46DE8}") = ".github", ".github", "{0793D351-B4AF-440D-AEC3-23830CC24DEE}"
EndProject
Project("{2150E333-8FDC-42A3-9474-1A3956D46DE8}") = "workflow", "workflow", "{BE1EC505-678D-4E09-836A-9CCBEF4E5232}"
	ProjectSection(SolutionItems) = preProject
		.github\workflows\dotnet.yml = .github\workflows\dotnet.yml
	EndProjectSection
EndProject
Project("{2150E333-8FDC-42A3-9474-1A3956D46DE8}") = "packages", "packages", "{BFB3B017-B286-4AA8-9F24-3303FE7D6755}"
EndProject
Project("{2150E333-8FDC-42A3-9474-1A3956D46DE8}") = "sdl2", "sdl2", "{FF4FF9E6-49F8-4D0C-A12E-A0107A3C65C5}"
	ProjectSection(SolutionItems) = preProject
		packages\sdl2\SDL2.nuspec = packages\sdl2\SDL2.nuspec
	EndProjectSection
EndProject
Project("{2150E333-8FDC-42A3-9474-1A3956D46DE8}") = "sdl2.runtime.win-x64", "sdl2.runtime.win-x64", "{6B023808-1956-4375-8A89-8138D146E786}"
	ProjectSection(SolutionItems) = preProject
		packages\sdl2.runtime.win-x64\SDL2.runtime.win-x64.nuspec = packages\sdl2.runtime.win-x64\SDL2.runtime.win-x64.nuspec
	EndProjectSection
EndProject
Project("{2150E333-8FDC-42A3-9474-1A3956D46DE8}") = "sdl2.runtime.win-x86", "sdl2.runtime.win-x86", "{5B432945-6164-4A64-8B4E-22F42279E021}"
	ProjectSection(SolutionItems) = preProject
		packages\sdl2.runtime.win-x86\SDL2.runtime.win-x86.nuspec = packages\sdl2.runtime.win-x86\SDL2.runtime.win-x86.nuspec
	EndProjectSection
EndProject
Global
	GlobalSection(SolutionConfigurationPlatforms) = preSolution
		Debug|x64 = Debug|x64
		Debug|x86 = Debug|x86
		Release|x64 = Release|x64
		Release|x86 = Release|x86
	EndGlobalSection
	GlobalSection(ProjectConfigurationPlatforms) = postSolution
		{648556E3-AFD4-4432-8424-89EED2126F82}.Debug|x64.ActiveCfg = Debug|x64
		{648556E3-AFD4-4432-8424-89EED2126F82}.Debug|x64.Build.0 = Debug|x64
		{648556E3-AFD4-4432-8424-89EED2126F82}.Debug|x86.ActiveCfg = Debug|x86
		{648556E3-AFD4-4432-8424-89EED2126F82}.Debug|x86.Build.0 = Debug|x86
		{648556E3-AFD4-4432-8424-89EED2126F82}.Release|x64.ActiveCfg = Release|x64
		{648556E3-AFD4-4432-8424-89EED2126F82}.Release|x64.Build.0 = Release|x64
		{648556E3-AFD4-4432-8424-89EED2126F82}.Release|x86.ActiveCfg = Release|x86
		{648556E3-AFD4-4432-8424-89EED2126F82}.Release|x86.Build.0 = Release|x86
		{0EA1CB52-0E1E-4EEC-80B5-5EA37F436EAF}.Debug|x64.ActiveCfg = Debug|x64
		{0EA1CB52-0E1E-4EEC-80B5-5EA37F436EAF}.Debug|x64.Build.0 = Debug|x64
		{0EA1CB52-0E1E-4EEC-80B5-5EA37F436EAF}.Debug|x86.ActiveCfg = Debug|x86
		{0EA1CB52-0E1E-4EEC-80B5-5EA37F436EAF}.Debug|x86.Build.0 = Debug|x86
		{0EA1CB52-0E1E-4EEC-80B5-5EA37F436EAF}.Release|x64.ActiveCfg = Release|x64
		{0EA1CB52-0E1E-4EEC-80B5-5EA37F436EAF}.Release|x64.Build.0 = Release|x64
		{0EA1CB52-0E1E-4EEC-80B5-5EA37F436EAF}.Release|x86.ActiveCfg = Release|x86
		{0EA1CB52-0E1E-4EEC-80B5-5EA37F436EAF}.Release|x86.Build.0 = Release|x86
		{04352BAF-739B-4A63-A29A-036402C85925}.Debug|x64.ActiveCfg = Debug|x64
		{04352BAF-739B-4A63-A29A-036402C85925}.Debug|x64.Build.0 = Debug|x64
		{04352BAF-739B-4A63-A29A-036402C85925}.Debug|x86.ActiveCfg = Debug|x86
		{04352BAF-739B-4A63-A29A-036402C85925}.Debug|x86.Build.0 = Debug|x86
		{04352BAF-739B-4A63-A29A-036402C85925}.Release|x64.ActiveCfg = Release|x64
		{04352BAF-739B-4A63-A29A-036402C85925}.Release|x64.Build.0 = Release|x64
		{04352BAF-739B-4A63-A29A-036402C85925}.Release|x86.ActiveCfg = Release|x86
		{04352BAF-739B-4A63-A29A-036402C85925}.Release|x86.Build.0 = Release|x86
		{A03FB552-F079-4852-8E1A-6ADD6C1BD3A8}.Debug|x64.ActiveCfg = Debug|x64
		{A03FB552-F079-4852-8E1A-6ADD6C1BD3A8}.Debug|x64.Build.0 = Debug|x64
		{A03FB552-F079-4852-8E1A-6ADD6C1BD3A8}.Debug|x86.ActiveCfg = Debug|x86
		{A03FB552-F079-4852-8E1A-6ADD6C1BD3A8}.Debug|x86.Build.0 = Debug|x86
		{A03FB552-F079-4852-8E1A-6ADD6C1BD3A8}.Release|x64.ActiveCfg = Release|x64
		{A03FB552-F079-4852-8E1A-6ADD6C1BD3A8}.Release|x64.Build.0 = Release|x64
		{A03FB552-F079-4852-8E1A-6ADD6C1BD3A8}.Release|x86.ActiveCfg = Release|x86
		{A03FB552-F079-4852-8E1A-6ADD6C1BD3A8}.Release|x86.Build.0 = Release|x86
		{C4E13408-B833-4B51-BC7B-BABBC759FB1B}.Debug|x64.ActiveCfg = Debug|x64
		{C4E13408-B833-4B51-BC7B-BABBC759FB1B}.Debug|x64.Build.0 = Debug|x64
		{C4E13408-B833-4B51-BC7B-BABBC759FB1B}.Debug|x86.ActiveCfg = Debug|x86
		{C4E13408-B833-4B51-BC7B-BABBC759FB1B}.Debug|x86.Build.0 = Debug|x86
		{C4E13408-B833-4B51-BC7B-BABBC759FB1B}.Release|x64.ActiveCfg = Release|x64
		{C4E13408-B833-4B51-BC7B-BABBC759FB1B}.Release|x64.Build.0 = Release|x64
		{C4E13408-B833-4B51-BC7B-BABBC759FB1B}.Release|x86.ActiveCfg = Release|x86
		{C4E13408-B833-4B51-BC7B-BABBC759FB1B}.Release|x86.Build.0 = Release|x86
		{DC48E764-6243-4067-B070-D73600FD6734}.Debug|x64.ActiveCfg = Debug|x64
		{DC48E764-6243-4067-B070-D73600FD6734}.Debug|x64.Build.0 = Debug|x64
		{DC48E764-6243-4067-B070-D73600FD6734}.Debug|x86.ActiveCfg = Debug|x86
		{DC48E764-6243-4067-B070-D73600FD6734}.Debug|x86.Build.0 = Debug|x86
		{DC48E764-6243-4067-B070-D73600FD6734}.Release|x64.ActiveCfg = Release|x64
		{DC48E764-6243-4067-B070-D73600FD6734}.Release|x64.Build.0 = Release|x64
		{DC48E764-6243-4067-B070-D73600FD6734}.Release|x86.ActiveCfg = Release|x86
		{DC48E764-6243-4067-B070-D73600FD6734}.Release|x86.Build.0 = Release|x86
	EndGlobalSection
	GlobalSection(SolutionProperties) = preSolution
		HideSolutionNode = FALSE
	EndGlobalSection
	GlobalSection(NestedProjects) = preSolution
		{648556E3-AFD4-4432-8424-89EED2126F82} = {1CCF39F1-02DD-4E9C-B1C2-614715E9EDB0}
		{0EA1CB52-0E1E-4EEC-80B5-5EA37F436EAF} = {79105D14-18FF-4FAD-BD24-52C477EDA1B2}
		{04352BAF-739B-4A63-A29A-036402C85925} = {3B3053A4-91F3-4C66-A6A9-773B6CEEE34C}
		{A03FB552-F079-4852-8E1A-6ADD6C1BD3A8} = {1CCF39F1-02DD-4E9C-B1C2-614715E9EDB0}
		{C4E13408-B833-4B51-BC7B-BABBC759FB1B} = {79105D14-18FF-4FAD-BD24-52C477EDA1B2}
		{DC48E764-6243-4067-B070-D73600FD6734} = {3B3053A4-91F3-4C66-A6A9-773B6CEEE34C}
		{BE1EC505-678D-4E09-836A-9CCBEF4E5232} = {0793D351-B4AF-440D-AEC3-23830CC24DEE}
		{FF4FF9E6-49F8-4D0C-A12E-A0107A3C65C5} = {BFB3B017-B286-4AA8-9F24-3303FE7D6755}
		{6B023808-1956-4375-8A89-8138D146E786} = {BFB3B017-B286-4AA8-9F24-3303FE7D6755}
		{5B432945-6164-4A64-8B4E-22F42279E021} = {BFB3B017-B286-4AA8-9F24-3303FE7D6755}
	EndGlobalSection
	GlobalSection(ExtensibilityGlobals) = postSolution
		SolutionGuid = {0FE17053-D59E-4256-80D0-DBA97F8F41B0}
	EndGlobalSection
EndGlobal
